
Microsoft Visual Studio Solution File, Format Version 12.00
# Visual Studio Version 17
VisualStudioVersion = 17.0.31912.275
MinimumVisualStudioVersion = 10.0.40219.1
Project("{FAE04EC0-301F-11D3-BF4B-00C04F79EFBC}") = "StorageQueue", "StorageQueue\StorageQueue.csproj", "{F40D1557-E093-4352-AC3B-8DD27AC23B50}"
EndProject
Global
	GlobalSection(SolutionConfigurationPlatforms) = preSolution
		Debug|Any CPU = Debug|Any CPU
		Release|Any CPU = Release|Any CPU
	EndGlobalSection
	GlobalSection(ProjectConfigurationPlatforms) = postSolution
		{F40D1557-E093-4352-AC3B-8DD27AC23B50}.Debug|Any CPU.ActiveCfg = Debug|Any CPU
		{F40D1557-E093-4352-AC3B-8DD27AC23B50}.Debug|Any CPU.Build.0 = Debug|Any CPU
		{F40D1557-E093-4352-AC3B-8DD27AC23B50}.Release|Any CPU.ActiveCfg = Release|Any CPU
		{F40D1557-E093-4352-AC3B-8DD27AC23B50}.Release|Any CPU.Build.0 = Release|Any CPU
	EndGlobalSection
	GlobalSection(SolutionProperties) = preSolution
		HideSolutionNode = FALSE
	EndGlobalSection
	GlobalSection(ExtensibilityGlobals) = postSolution
		SolutionGuid = {9E7FD7B6-62D9-436B-B9B6-3149DBB32BDF}
	EndGlobalSection
EndGlobal
