
Microsoft Visual Studio Solution File, Format Version 12.00
# Visual Studio Version 17
VisualStudioVersion = 17.0.31912.275
MinimumVisualStudioVersion = 10.0.40219.1
Project("{FAE04EC0-301F-11D3-BF4B-00C04F79EFBC}") = "AccessBlob", "AccessBlob\AccessBlob.csproj", "{BE513DB9-1C09-4C08-B9C3-28A07D5658FD}"
EndProject
Global
	GlobalSection(SolutionConfigurationPlatforms) = preSolution
		Debug|Any CPU = Debug|Any CPU
		Release|Any CPU = Release|Any CPU
	EndGlobalSection
	GlobalSection(ProjectConfigurationPlatforms) = postSolution
		{BE513DB9-1C09-4C08-B9C3-28A07D5658FD}.Debug|Any CPU.ActiveCfg = Debug|Any CPU
		{BE513DB9-1C09-4C08-B9C3-28A07D5658FD}.Debug|Any CPU.Build.0 = Debug|Any CPU
		{BE513DB9-1C09-4C08-B9C3-28A07D5658FD}.Release|Any CPU.ActiveCfg = Release|Any CPU
		{BE513DB9-1C09-4C08-B9C3-28A07D5658FD}.Release|Any CPU.Build.0 = Release|Any CPU
	EndGlobalSection
	GlobalSection(SolutionProperties) = preSolution
		HideSolutionNode = FALSE
	EndGlobalSection
	GlobalSection(ExtensibilityGlobals) = postSolution
		SolutionGuid = {E04E6EC9-38E5-4F8B-BA2F-48965E43879A}
	EndGlobalSection
EndGlobal
