
Microsoft Visual Studio Solution File, Format Version 12.00
# Visual Studio Version 17
VisualStudioVersion = 17.0.31912.275
MinimumVisualStudioVersion = 10.0.40219.1
Project("{FAE04EC0-301F-11D3-BF4B-00C04F79EFBC}") = "ServiceBusTopicReceiver", "ServiceBusTopicReceiver\ServiceBusTopicReceiver.csproj", "{1E1715DE-24D3-4EAE-9BAB-B8E21A01B703}"
EndProject
Global
	GlobalSection(SolutionConfigurationPlatforms) = preSolution
		Debug|Any CPU = Debug|Any CPU
		Release|Any CPU = Release|Any CPU
	EndGlobalSection
	GlobalSection(ProjectConfigurationPlatforms) = postSolution
		{1E1715DE-24D3-4EAE-9BAB-B8E21A01B703}.Debug|Any CPU.ActiveCfg = Debug|Any CPU
		{1E1715DE-24D3-4EAE-9BAB-B8E21A01B703}.Debug|Any CPU.Build.0 = Debug|Any CPU
		{1E1715DE-24D3-4EAE-9BAB-B8E21A01B703}.Release|Any CPU.ActiveCfg = Release|Any CPU
		{1E1715DE-24D3-4EAE-9BAB-B8E21A01B703}.Release|Any CPU.Build.0 = Release|Any CPU
	EndGlobalSection
	GlobalSection(SolutionProperties) = preSolution
		HideSolutionNode = FALSE
	EndGlobalSection
	GlobalSection(ExtensibilityGlobals) = postSolution
		SolutionGuid = {BD86AF12-EBE9-4320-AF55-00D412835EC8}
	EndGlobalSection
EndGlobal
