
Microsoft Visual Studio Solution File, Format Version 12.00
# Visual Studio Version 17
VisualStudioVersion = 17.0.31912.275
MinimumVisualStudioVersion = 10.0.40219.1
Project("{FAE04EC0-301F-11D3-BF4B-00C04F79EFBC}") = "AzureServiceBusMessages", "AzureServiceBusMessages\AzureServiceBusMessages.csproj", "{2B90D74D-B0AF-4E08-9EA4-62ACDF9CF675}"
EndProject
Global
	GlobalSection(SolutionConfigurationPlatforms) = preSolution
		Debug|Any CPU = Debug|Any CPU
		Release|Any CPU = Release|Any CPU
	EndGlobalSection
	GlobalSection(ProjectConfigurationPlatforms) = postSolution
		{2B90D74D-B0AF-4E08-9EA4-62ACDF9CF675}.Debug|Any CPU.ActiveCfg = Debug|Any CPU
		{2B90D74D-B0AF-4E08-9EA4-62ACDF9CF675}.Debug|Any CPU.Build.0 = Debug|Any CPU
		{2B90D74D-B0AF-4E08-9EA4-62ACDF9CF675}.Release|Any CPU.ActiveCfg = Release|Any CPU
		{2B90D74D-B0AF-4E08-9EA4-62ACDF9CF675}.Release|Any CPU.Build.0 = Release|Any CPU
	EndGlobalSection
	GlobalSection(SolutionProperties) = preSolution
		HideSolutionNode = FALSE
	EndGlobalSection
	GlobalSection(ExtensibilityGlobals) = postSolution
		SolutionGuid = {5A9A0158-8ECB-4D27-A3B5-871BF6C734C6}
	EndGlobalSection
EndGlobal
