
Microsoft Visual Studio Solution File, Format Version 12.00
# Visual Studio Version 17
VisualStudioVersion = 17.0.31912.275
MinimumVisualStudioVersion = 10.0.40219.1
Project("{FAE04EC0-301F-11D3-BF4B-00C04F79EFBC}") = "CosmosDB", "CosmosDB\CosmosDB.csproj", "{29E523D8-3818-4745-A260-56275D674382}"
EndProject
Global
	GlobalSection(SolutionConfigurationPlatforms) = preSolution
		Debug|Any CPU = Debug|Any CPU
		Release|Any CPU = Release|Any CPU
	EndGlobalSection
	GlobalSection(ProjectConfigurationPlatforms) = postSolution
		{29E523D8-3818-4745-A260-56275D674382}.Debug|Any CPU.ActiveCfg = Debug|Any CPU
		{29E523D8-3818-4745-A260-56275D674382}.Debug|Any CPU.Build.0 = Debug|Any CPU
		{29E523D8-3818-4745-A260-56275D674382}.Release|Any CPU.ActiveCfg = Release|Any CPU
		{29E523D8-3818-4745-A260-56275D674382}.Release|Any CPU.Build.0 = Release|Any CPU
	EndGlobalSection
	GlobalSection(SolutionProperties) = preSolution
		HideSolutionNode = FALSE
	EndGlobalSection
	GlobalSection(ExtensibilityGlobals) = postSolution
		SolutionGuid = {261F776A-6C3F-4510-957D-9007E9D2D159}
	EndGlobalSection
EndGlobal
